Microsoft Visual Studio Solution File, Format Version 12.00
# Visual Studio Version 17
VisualStudioVersion = 17.13.35931.197
MinimumVisualStudioVersion = 10.0.40219.1
Project("{FAE04EC0-301F-11D3-BF4B-00C04F79EFBC}") = "SwipeVibe.Web", "SwipeVibe.Web\SwipeVibe.Web.csproj", "{26020FB7-C89B-4D90-8A6C-91FDD033D796}"
EndProject
Project("{FAE04EC0-301F-11D3-BF4B-00C04F79EFBC}") = "SwipeVibe.BusinessLogic", "SwipeVibe.BusinessLogic\SwipeVibe.BusinessLogic.csproj", "{78D506FF-B8AD-412F-9F29-6DA3E488B463}"
EndProject
Project("{FAE04EC0-301F-11D3-BF4B-00C04F79EFBC}") = "SwipeVibe.Domain", "SwipeVibe.Domain\SwipeVibe.Domain.csproj", "{634AF7A3-9AFD-4FF4-B80B-DA044D691FB7}"
EndProject
Project("{FAE04EC0-301F-11D3-BF4B-00C04F79EFBC}") = "SwipeVibe.Helpers", "SwipeVibe.Helpers\SwipeVibe.Helpers.csproj", "{5DA1C34D-F03E-4146-A337-2BD141A5A75A}"
EndProject
Global
	GlobalSection(SolutionConfigurationPlatforms) = preSolution
		Debug|Any CPU = Debug|Any CPU
		Release|Any CPU = Release|Any CPU
	EndGlobalSection
	GlobalSection(ProjectConfigurationPlatforms) = postSolution
		{26020FB7-C89B-4D90-8A6C-91FDD033D796}.Debug|Any CPU.ActiveCfg = Debug|Any CPU
		{26020FB7-C89B-4D90-8A6C-91FDD033D796}.Debug|Any CPU.Build.0 = Debug|Any CPU
		{26020FB7-C89B-4D90-8A6C-91FDD033D796}.Release|Any CPU.ActiveCfg = Release|Any CPU
		{26020FB7-C89B-4D90-8A6C-91FDD033D796}.Release|Any CPU.Build.0 = Release|Any CPU
		{78D506FF-B8AD-412F-9F29-6DA3E488B463}.Debug|Any CPU.ActiveCfg = Debug|Any CPU
		{78D506FF-B8AD-412F-9F29-6DA3E488B463}.Debug|Any CPU.Build.0 = Debug|Any CPU
		{78D506FF-B8AD-412F-9F29-6DA3E488B463}.Release|Any CPU.ActiveCfg = Release|Any CPU
		{78D506FF-B8AD-412F-9F29-6DA3E488B463}.Release|Any CPU.Build.0 = Release|Any CPU
		{634AF7A3-9AFD-4FF4-B80B-DA044D691FB7}.Debug|Any CPU.ActiveCfg = Debug|Any CPU
		{634AF7A3-9AFD-4FF4-B80B-DA044D691FB7}.Debug|Any CPU.Build.0 = Debug|Any CPU
		{634AF7A3-9AFD-4FF4-B80B-DA044D691FB7}.Release|Any CPU.ActiveCfg = Release|Any CPU
		{634AF7A3-9AFD-4FF4-B80B-DA044D691FB7}.Release|Any CPU.Build.0 = Release|Any CPU
		{5DA1C34D-F03E-4146-A337-2BD141A5A75A}.Debug|Any CPU.ActiveCfg = Debug|Any CPU
		{5DA1C34D-F03E-4146-A337-2BD141A5A75A}.Debug|Any CPU.Build.0 = Debug|Any CPU
		{5DA1C34D-F03E-4146-A337-2BD141A5A75A}.Release|Any CPU.ActiveCfg = Release|Any CPU
		{5DA1C34D-F03E-4146-A337-2BD141A5A75A}.Release|Any CPU.Build.0 = Release|Any CPU
	EndGlobalSection
	GlobalSection(SolutionProperties) = preSolution
		HideSolutionNode = FALSE
	EndGlobalSection
	GlobalSection(ExtensibilityGlobals) = postSolution
		SolutionGuid = {F2F865BA-267C-428B-898E-B89A24014DCD}
	EndGlobalSection
EndGlobal
